// !$*UTF8*$!
{
	archiveVersion = 1;
	classes = {
	};
	objectVersion = 50;
	objects = {

/* Begin PBXBuildFile section */
		FF32B3DB229BCDB0003CF12C /* Person.swift in Sources */ = {isa = PBXBuildFile; fileRef = FF32B3DA229BCDB0003CF12C /* Person.swift */; };
		FFB1A43F229AD04B002A7B5C /* AppDelegate.swift in Sources */ = {isa = PBXBuildFile; fileRef = FFB1A43E229AD04B002A7B5C /* AppDelegate.swift */; };
		FFB1A441229AD04B002A7B5C /* ViewController.swift in Sources */ = {isa = PBXBuildFile; fileRef = FFB1A440229AD04B002A7B5C /* ViewController.swift */; };
		FFB1A444229AD04B002A7B5C /* Main.storyboard in Resources */ = {isa = PBXBuildFile; fileRef = FFB1A442229AD04B002A7B5C /* Main.storyboard */; };
		FFB1A446229AD04D002A7B5C /* Assets.xcassets in Resources */ = {isa = PBXBuildFile; fileRef = FFB1A445229AD04D002A7B5C /* Assets.xcassets */; };
		FFB1A449229AD04D002A7B5C /* LaunchScreen.storyboard in Resources */ = {isa = PBXBuildFile; fileRef = FFB1A447229AD04D002A7B5C /* LaunchScreen.storyboard */; };
		FFB1A451229AD263002A7B5C /* PersonCell.swift in Sources */ = {isa = PBXBuildFile; fileRef = FFB1A450229AD263002A7B5C /* PersonCell.swift */; };
/* End PBXBuildFile section */

/* Begin PBXFileReference section */
		FF32B3DA229BCDB0003CF12C /* Person.swift */ = {isa = PBXFileReference; lastKnownFileType = sourcecode.swift; path = Person.swift; sourceTree = "<group>"; };
		FFB1A43B229AD04B002A7B5C /* projectTen.app */ = {isa = PBXFileReference; explicitFileType = wrapper.application; includeInIndex = 0; path = projectTen.app; sourceTree = BUILT_PRODUCTS_DIR; };
		FFB1A43E229AD04B002A7B5C /* AppDelegate.swift */ = {isa = PBXFileReference; lastKnownFileType = sourcecode.swift; path = AppDelegate.swift; sourceTree = "<group>"; };
		FFB1A440229AD04B002A7B5C /* ViewController.swift */ = {isa = PBXFileReference; lastKnownFileType = sourcecode.swift; path = ViewController.swift; sourceTree = "<group>"; };
		FFB1A443229AD04B002A7B5C /* Base */ = {isa = PBXFileReference; lastKnownFileType = file.storyboard; name = Base; path = Base.lproj/Main.storyboard; sourceTree = "<group>"; };
		FFB1A445229AD04D002A7B5C /* Assets.xcassets */ = {isa = PBXFileReference; lastKnownFileType = folder.assetcatalog; path = Assets.xcassets; sourceTree = "<group>"; };
		FFB1A448229AD04D002A7B5C /* Base */ = {isa = PBXFileReference; lastKnownFileType = file.storyboard; name = Base; path = Base.lproj/LaunchScreen.storyboard; sourceTree = "<group>"; };
		FFB1A44A229AD04D002A7B5C /* Info.plist */ = {isa = PBXFileReference; lastKnownFileType = text.plist.xml; path = Info.plist; sourceTree = "<group>"; };
		FFB1A450229AD263002A7B5C /* PersonCell.swift */ = {isa = PBXFileReference; lastKnownFileType = sourcecode.swift; path = PersonCell.swift; sourceTree = "<group>"; };
/* End PBXFileReference section */

/* Begin PBXFrameworksBuildPhase section */
		FFB1A438229AD04B002A7B5C /* Frameworks */ = {
			isa = PBXFrameworksBuildPhase;
			buildActionMask = 2147483647;
			files = (
			);
			runOnlyForDeploymentPostprocessing = 0;
		};
/* End PBXFrameworksBuildPhase section */

/* Begin PBXGroup section */
		FFB1A432229AD04B002A7B5C = {
			isa = PBXGroup;
			children = (
				FFB1A43D229AD04B002A7B5C /* projectTen */,
				FFB1A43C229AD04B002A7B5C /* Products */,
			);
			sourceTree = "<group>";
		};
		FFB1A43C229AD04B002A7B5C /* Products */ = {
			isa = PBXGroup;
			children = (
				FFB1A43B229AD04B002A7B5C /* projectTen.app */,
			);
			name = Products;
			sourceTree = "<group>";
		};
		FFB1A43D229AD04B002A7B5C /* projectTen */ = {
			isa = PBXGroup;
			children = (
				FFB1A43E229AD04B002A7B5C /* AppDelegate.swift */,
				FFB1A440229AD04B002A7B5C /* ViewController.swift */,
				FF32B3DA229BCDB0003CF12C /* Person.swift */,
				FFB1A442229AD04B002A7B5C /* Main.storyboard */,
				FFB1A450229AD263002A7B5C /* PersonCell.swift */,
				FFB1A445229AD04D002A7B5C /* Assets.xcassets */,
				FFB1A447229AD04D002A7B5C /* LaunchScreen.storyboard */,
				FFB1A44A229AD04D002A7B5C /* Info.plist */,
			);
			path = projectTen;
			sourceTree = "<group>";
		};
/* End PBXGroup section */

/* Begin PBXNativeTarget section */
		FFB1A43A229AD04B002A7B5C /* projectTen */ = {
			isa = PBXNativeTarget;
			buildConfigurationList = FFB1A44D229AD04D002A7B5C /* Build configuration list for PBXNativeTarget "projectTen" */;
			buildPhases = (
				FFB1A437229AD04B002A7B5C /* Sources */,
				FFB1A438229AD04B002A7B5C /* Frameworks */,
				FFB1A439229AD04B002A7B5C /* Resources */,
			);
			buildRules = (
			);
			dependencies = (
			);
			name = projectTen;
			productName = projectTen;
			productReference = FFB1A43B229AD04B002A7B5C /* projectTen.app */;
			productType = "com.apple.product-type.application";
		};
/* End PBXNativeTarget section */

/* Begin PBXProject section */
		FFB1A433229AD04B002A7B5C /* Project object */ = {
			isa = PBXProject;
			attributes = {
				LastSwiftUpdateCheck = 1020;
				LastUpgradeCheck = 1020;
				ORGANIZATIONNAME = Atheer;
				TargetAttributes = {
					FFB1A43A229AD04B002A7B5C = {
						CreatedOnToolsVersion = 10.2.1;
					};
				};
			};
			buildConfigurationList = FFB1A436229AD04B002A7B5C /* Build configuration list for PBXProject "projectTen" */;
			compatibilityVersion = "Xcode 9.3";
			developmentRegion = en;
			hasScannedForEncodings = 0;
			knownRegions = (
				en,
				Base,
			);
			mainGroup = FFB1A432229AD04B002A7B5C;
			productRefGroup = FFB1A43C229AD04B002A7B5C /* Products */;
			projectDirPath = "";
			projectRoot = "";
			targets = (
				FFB1A43A229AD04B002A7B5C /* projectTen */,
			);
		};
/* End PBXProject section */

/* Begin PBXResourcesBuildPhase section */
		FFB1A439229AD04B002A7B5C /* Resources */ = {
			isa = PBXResourcesBuildPhase;
			buildActionMask = 2147483647;
			files = (
				FFB1A449229AD04D002A7B5C /* LaunchScreen.storyboard in Resources */,
				FFB1A446229AD04D002A7B5C /* Assets.xcassets in Resources */,
				FFB1A444229AD04B002A7B5C /* Main.storyboard in Resources */,
			);
			runOnlyForDeploymentPostprocessing = 0;
		};
/* End PBXResourcesBuildPhase section */

/* Begin PBXSourcesBuildPhase section */
		FFB1A437229AD04B002A7B5C /* Sources */ = {
			isa = PBXSourcesBuildPhase;
			buildActionMask = 2147483647;
			files = (
				FFB1A451229AD263002A7B5C /* PersonCell.swift in Sources */,
				FFB1A441229AD04B002A7B5C /* ViewController.swift in Sources */,
				FF32B3DB229BCDB0003CF12C /* Person.swift in Sources */,
				FFB1A43F229AD04B002A7B5C /* AppDelegate.swift in Sources */,
			);
			runOnlyForDeploymentPostprocessing = 0;
		};
/* End PBXSourcesBuildPhase section */

/* Begin PBXVariantGroup section */
		FFB1A442229AD04B002A7B5C /* Main.storyboard */ = {
			isa = PBXVariantGroup;
			children = (
				FFB1A443229AD04B002A7B5C /* Base */,
			);
			name = Main.storyboard;
			sourceTree = "<group>";
		};
		FFB1A447229AD04D002A7B5C /* LaunchScreen.storyboard */ = {
			isa = PBXVariantGroup;
			children = (
				FFB1A448229AD04D002A7B5C /* Base */,
			);
			name = LaunchScreen.storyboard;
			sourceTree = "<group>";
		};
/* End PBXVariantGroup section */

/* Begin XCBuildConfiguration section */
		FFB1A44B229AD04D002A7B5C /* Debug */ = {
			isa = XCBuildConfiguration;
			buildSettings = {
				ALWAYS_SEARCH_USER_PATHS = NO;
				CLANG_ANALYZER_NONNULL = YES;
				CLANG_ANALYZER_NUMBER_OBJECT_CONVERSION = YES_AGGRESSIVE;
				CLANG_CXX_LANGUAGE_STANDARD = "gnu++14";
				CLANG_CXX_LIBRARY = "libc++";
				CLANG_ENABLE_MODULES = YES;
				CLANG_ENABLE_OBJC_ARC = YES;
				CLANG_ENABLE_OBJC_WEAK = YES;
				CLANG_WARN_BLOCK_CAPTURE_AUTORELEASING = YES;
				CLANG_WARN_BOOL_CONVERSION = YES;
				CLANG_WARN_COMMA = YES;
				CLANG_WARN_CONSTANT_CONVERSION = YES;
				CLANG_WARN_DEPRECATED_OBJC_IMPLEMENTATIONS = YES;
				CLANG_WARN_DIRECT_OBJC_ISA_USAGE = YES_ERROR;
				CLANG_WARN_DOCUMENTATION_COMMENTS = YES;
				CLANG_WARN_EMPTY_BODY = YES;
				CLANG_WARN_ENUM_CONVERSION = YES;
				CLANG_WARN_INFINITE_RECURSION = YES;
				CLANG_WARN_INT_CONVERSION = YES;
				CLANG_WARN_NON_LITERAL_NULL_CONVERSION = YES;
				CLANG_WARN_OBJC_IMPLICIT_RETAIN_SELF = YES;
				CLANG_WARN_OBJC_LITERAL_CONVERSION = YES;
				CLANG_WARN_OBJC_ROOT_CLASS = YES_ERROR;
				CLANG_WARN_RANGE_LOOP_ANALYSIS = YES;
				CLANG_WARN_STRICT_PROTOTYPES = YES;
				CLANG_WARN_SUSPICIOUS_MOVE = YES;
				CLANG_WARN_UNGUARDED_AVAILABILITY = YES_AGGRESSIVE;
				CLANG_WARN_UNREACHABLE_CODE = YES;
				CLANG_WARN__DUPLICATE_METHOD_MATCH = YES;
				CODE_SIGN_IDENTITY = "iPhone Developer";
				COPY_PHASE_STRIP = NO;
				DEBUG_INFORMATION_FORMAT = dwarf;
				ENABLE_STRICT_OBJC_MSGSEND = YES;
				ENABLE_TESTABILITY = YES;
				GCC_C_LANGUAGE_STANDARD = gnu11;
				GCC_DYNAMIC_NO_PIC = NO;
				GCC_NO_COMMON_BLOCKS = YES;
				GCC_OPTIMIZATION_LEVEL = 0;
				GCC_PREPROCESSOR_DEFINITIONS = (
					"DEBUG=1",
					"$(inherited)",
				);
				GCC_WARN_64_TO_32_BIT_CONVERSION = YES;
				GCC_WARN_ABOUT_RETURN_TYPE = YES_ERROR;
				GCC_WARN_UNDECLARED_SELECTOR = YES;
				GCC_WARN_UNINITIALIZED_AUTOS = YES_AGGRESSIVE;
				GCC_WARN_UNUSED_FUNCTION = YES;
				GCC_WARN_UNUSED_VARIABLE = YES;
				IPHONEOS_DEPLOYMENT_TARGET = 12.2;
				MTL_ENABLE_DEBUG_INFO = INCLUDE_SOURCE;
				MTL_FAST_MATH = YES;
				ONLY_ACTIVE_ARCH = YES;
				SDKROOT = iphoneos;
				SWIFT_ACTIVE_COMPILATION_CONDITIONS = DEBUG;
				SWIFT_OPTIMIZATION_LEVEL = "-Onone";
			};
			name = Debug;
		};
		FFB1A44C229AD04D002A7B5C /* Release */ = {
			isa = XCBuildConfiguration;
			buildSettings = {
				ALWAYS_SEARCH_USER_PATHS = NO;
				CLANG_ANALYZER_NONNULL = YES;
				CLANG_ANALYZER_NUMBER_OBJECT_CONVERSION = YES_AGGRESSIVE;
				CLANG_CXX_LANGUAGE_STANDARD = "gnu++14";
				CLANG_CXX_LIBRARY = "libc++";
				CLANG_ENABLE_MODULES = YES;
				CLANG_ENABLE_OBJC_ARC = YES;
				CLANG_ENABLE_OBJC_WEAK = YES;
				CLANG_WARN_BLOCK_CAPTURE_AUTORELEASING = YES;
				CLANG_WARN_BOOL_CONVERSION = YES;
				CLANG_WARN_COMMA = YES;
				CLANG_WARN_CONSTANT_CONVERSION = YES;
				CLANG_WARN_DEPRECATED_OBJC_IMPLEMENTATIONS = YES;
				CLANG_WARN_DIRECT_OBJC_ISA_USAGE = YES_ERROR;
				CLANG_WARN_DOCUMENTATION_COMMENTS = YES;
				CLANG_WARN_EMPTY_BODY = YES;
				CLANG_WARN_ENUM_CONVERSION = YES;
				CLANG_WARN_INFINITE_RECURSION = YES;
				CLANG_WARN_INT_CONVERSION = YES;
				CLANG_WARN_NON_LITERAL_NULL_CONVERSION = YES;
				CLANG_WARN_OBJC_IMPLICIT_RETAIN_SELF = YES;
				CLANG_WARN_OBJC_LITERAL_CONVERSION = YES;
				CLANG_WARN_OBJC_ROOT_CLASS = YES_ERROR;
				CLANG_WARN_RANGE_LOOP_ANALYSIS = YES;
				CLANG_WARN_STRICT_PROTOTYPES = YES;
				CLANG_WARN_SUSPICIOUS_MOVE = YES;
				CLANG_WARN_UNGUARDED_AVAILABILITY = YES_AGGRESSIVE;
				CLANG_WARN_UNREACHABLE_CODE = YES;
				CLANG_WARN__DUPLICATE_METHOD_MATCH = YES;
				CODE_SIGN_IDENTITY = "iPhone Developer";
				COPY_PHASE_STRIP = NO;
				DEBUG_INFORMATION_FORMAT = "dwarf-with-dsym";
				ENABLE_NS_ASSERTIONS = NO;
				ENABLE_STRICT_OBJC_MSGSEND = YES;
				GCC_C_LANGUAGE_STANDARD = gnu11;
				GCC_NO_COMMON_BLOCKS = YES;
				GCC_WARN_64_TO_32_BIT_CONVERSION = YES;
				GCC_WARN_ABOUT_RETURN_TYPE = YES_ERROR;
				GCC_WARN_UNDECLARED_SELECTOR = YES;
				GCC_WARN_UNINITIALIZED_AUTOS = YES_AGGRESSIVE;
				GCC_WARN_UNUSED_FUNCTION = YES;
				GCC_WARN_UNUSED_VARIABLE = YES;
				IPHONEOS_DEPLOYMENT_TARGET = 12.2;
				MTL_ENABLE_DEBUG_INFO = NO;
				MTL_FAST_MATH = YES;
				SDKROOT = iphoneos;
				SWIFT_COMPILATION_MODE = wholemodule;
				SWIFT_OPTIMIZATION_LEVEL = "-O";
				VALIDATE_PRODUCT = YES;
			};
			name = Release;
		};
		FFB1A44E229AD04D002A7B5C /* Debug */ = {
			isa = XCBuildConfiguration;
			buildSettings = {
				ASSETCATALOG_COMPILER_APPICON_NAME = AppIcon;
				CODE_SIGN_STYLE = Automatic;
				DEVELOPMENT_TEAM = 2R9D8RVTAY;
				INFOPLIST_FILE = projectTen/Info.plist;
				LD_RUNPATH_SEARCH_PATHS = (
					"$(inherited)",
					"@executable_path/Frameworks",
				);
				PRODUCT_BUNDLE_IDENTIFIER = com.atheer.projectTen;
				PRODUCT_NAME = "$(TARGET_NAME)";
				SWIFT_VERSION = 5.0;
				TARGETED_DEVICE_FAMILY = "1,2";
			};
			name = Debug;
		};
		FFB1A44F229AD04D002A7B5C /* Release */ = {
			isa = XCBuildConfiguration;
			buildSettings = {
				ASSETCATALOG_COMPILER_APPICON_NAME = AppIcon;
				CODE_SIGN_STYLE = Automatic;
				DEVELOPMENT_TEAM = 2R9D8RVTAY;
				INFOPLIST_FILE = projectTen/Info.plist;
				LD_RUNPATH_SEARCH_PATHS = (
					"$(inherited)",
					"@executable_path/Frameworks",
				);
				PRODUCT_BUNDLE_IDENTIFIER = com.atheer.projectTen;
				PRODUCT_NAME = "$(TARGET_NAME)";
				SWIFT_VERSION = 5.0;
				TARGETED_DEVICE_FAMILY = "1,2";
			};
			name = Release;
		};
/* End XCBuildConfiguration section */

/* Begin XCConfigurationList section */
		FFB1A436229AD04B002A7B5C /* Build configuration list for PBXProject "projectTen" */ = {
			isa = XCConfigurationList;
			buildConfigurations = (
				FFB1A44B229AD04D002A7B5C /* Debug */,
				FFB1A44C229AD04D002A7B5C /* Release */,
			);
			defaultConfigurationIsVisible = 0;
			defaultConfigurationName = Release;
		};
		FFB1A44D229AD04D002A7B5C /* Build configuration list for PBXNativeTarget "projectTen" */ = {
			isa = XCConfigurationList;
			buildConfigurations = (
				FFB1A44E229AD04D002A7B5C /* Debug */,
				FFB1A44F229AD04D002A7B5C /* Release */,
			);
			defaultConfigurationIsVisible = 0;
			defaultConfigurationName = Release;
		};
/* End XCConfigurationList section */
	};
	rootObject = FFB1A433229AD04B002A7B5C /* Project object */;
}
