// !$*UTF8*$!
{
	archiveVersion = 1;
	classes = {
	};
	objectVersion = 50;
	objects = {

/* Begin PBXBuildFile section */
		FF11F34222C1732D00D79A9C /* AppDelegate.swift in Sources */ = {isa = PBXBuildFile; fileRef = FF11F34122C1732D00D79A9C /* AppDelegate.swift */; };
		FF11F34422C1732D00D79A9C /* GameScene.sks in Resources */ = {isa = PBXBuildFile; fileRef = FF11F34322C1732D00D79A9C /* GameScene.sks */; };
		FF11F34822C1732D00D79A9C /* GameScene.swift in Sources */ = {isa = PBXBuildFile; fileRef = FF11F34722C1732D00D79A9C /* GameScene.swift */; };
		FF11F34A22C1732D00D79A9C /* GameViewController.swift in Sources */ = {isa = PBXBuildFile; fileRef = FF11F34922C1732D00D79A9C /* GameViewController.swift */; };
		FF11F34D22C1732D00D79A9C /* Main.storyboard in Resources */ = {isa = PBXBuildFile; fileRef = FF11F34B22C1732D00D79A9C /* Main.storyboard */; };
		FF11F34F22C1732E00D79A9C /* Assets.xcassets in Resources */ = {isa = PBXBuildFile; fileRef = FF11F34E22C1732E00D79A9C /* Assets.xcassets */; };
		FF11F35222C1732E00D79A9C /* LaunchScreen.storyboard in Resources */ = {isa = PBXBuildFile; fileRef = FF11F35022C1732E00D79A9C /* LaunchScreen.storyboard */; };
		FF11F35A22C1740D00D79A9C /* BuildingNode.swift in Sources */ = {isa = PBXBuildFile; fileRef = FF11F35922C1740D00D79A9C /* BuildingNode.swift */; };
		FF141A0322C6A72A00ED0F3A /* hitPlayer.sks in Resources */ = {isa = PBXBuildFile; fileRef = FF141A0122C6A72A00ED0F3A /* hitPlayer.sks */; };
		FF141A0422C6A72A00ED0F3A /* hitBuilding.sks in Resources */ = {isa = PBXBuildFile; fileRef = FF141A0222C6A72A00ED0F3A /* hitBuilding.sks */; };
/* End PBXBuildFile section */

/* Begin PBXFileReference section */
		FF11F33E22C1732D00D79A9C /* projectTwentyNine.app */ = {isa = PBXFileReference; explicitFileType = wrapper.application; includeInIndex = 0; path = projectTwentyNine.app; sourceTree = BUILT_PRODUCTS_DIR; };
		FF11F34122C1732D00D79A9C /* AppDelegate.swift */ = {isa = PBXFileReference; lastKnownFileType = sourcecode.swift; path = AppDelegate.swift; sourceTree = "<group>"; };
		FF11F34322C1732D00D79A9C /* GameScene.sks */ = {isa = PBXFileReference; lastKnownFileType = file.sks; path = GameScene.sks; sourceTree = "<group>"; };
		FF11F34722C1732D00D79A9C /* GameScene.swift */ = {isa = PBXFileReference; lastKnownFileType = sourcecode.swift; path = GameScene.swift; sourceTree = "<group>"; };
		FF11F34922C1732D00D79A9C /* GameViewController.swift */ = {isa = PBXFileReference; lastKnownFileType = sourcecode.swift; path = GameViewController.swift; sourceTree = "<group>"; };
		FF11F34C22C1732D00D79A9C /* Base */ = {isa = PBXFileReference; lastKnownFileType = file.storyboard; name = Base; path = Base.lproj/Main.storyboard; sourceTree = "<group>"; };
		FF11F34E22C1732E00D79A9C /* Assets.xcassets */ = {isa = PBXFileReference; lastKnownFileType = folder.assetcatalog; path = Assets.xcassets; sourceTree = "<group>"; };
		FF11F35122C1732E00D79A9C /* Base */ = {isa = PBXFileReference; lastKnownFileType = file.storyboard; name = Base; path = Base.lproj/LaunchScreen.storyboard; sourceTree = "<group>"; };
		FF11F35322C1732E00D79A9C /* Info.plist */ = {isa = PBXFileReference; lastKnownFileType = text.plist.xml; path = Info.plist; sourceTree = "<group>"; };
		FF11F35922C1740D00D79A9C /* BuildingNode.swift */ = {isa = PBXFileReference; lastKnownFileType = sourcecode.swift; path = BuildingNode.swift; sourceTree = "<group>"; };
		FF141A0122C6A72A00ED0F3A /* hitPlayer.sks */ = {isa = PBXFileReference; lastKnownFileType = file.sks; path = hitPlayer.sks; sourceTree = "<group>"; };
		FF141A0222C6A72A00ED0F3A /* hitBuilding.sks */ = {isa = PBXFileReference; lastKnownFileType = file.sks; path = hitBuilding.sks; sourceTree = "<group>"; };
/* End PBXFileReference section */

/* Begin PBXFrameworksBuildPhase section */
		FF11F33B22C1732D00D79A9C /* Frameworks */ = {
			isa = PBXFrameworksBuildPhase;
			buildActionMask = 2147483647;
			files = (
			);
			runOnlyForDeploymentPostprocessing = 0;
		};
/* End PBXFrameworksBuildPhase section */

/* Begin PBXGroup section */
		FF11F33522C1732D00D79A9C = {
			isa = PBXGroup;
			children = (
				FF11F34022C1732D00D79A9C /* projectTwentyNine */,
				FF11F33F22C1732D00D79A9C /* Products */,
			);
			sourceTree = "<group>";
		};
		FF11F33F22C1732D00D79A9C /* Products */ = {
			isa = PBXGroup;
			children = (
				FF11F33E22C1732D00D79A9C /* projectTwentyNine.app */,
			);
			name = Products;
			sourceTree = "<group>";
		};
		FF11F34022C1732D00D79A9C /* projectTwentyNine */ = {
			isa = PBXGroup;
			children = (
				FF11F34122C1732D00D79A9C /* AppDelegate.swift */,
				FF11F34322C1732D00D79A9C /* GameScene.sks */,
				FF11F34722C1732D00D79A9C /* GameScene.swift */,
				FF11F35922C1740D00D79A9C /* BuildingNode.swift */,
				FF11F34922C1732D00D79A9C /* GameViewController.swift */,
				FF11F34B22C1732D00D79A9C /* Main.storyboard */,
				FF11F34E22C1732E00D79A9C /* Assets.xcassets */,
				FF11F35022C1732E00D79A9C /* LaunchScreen.storyboard */,
				FF11F35322C1732E00D79A9C /* Info.plist */,
				FF141A0222C6A72A00ED0F3A /* hitBuilding.sks */,
				FF141A0122C6A72A00ED0F3A /* hitPlayer.sks */,
			);
			path = projectTwentyNine;
			sourceTree = "<group>";
		};
/* End PBXGroup section */

/* Begin PBXNativeTarget section */
		FF11F33D22C1732D00D79A9C /* projectTwentyNine */ = {
			isa = PBXNativeTarget;
			buildConfigurationList = FF11F35622C1732E00D79A9C /* Build configuration list for PBXNativeTarget "projectTwentyNine" */;
			buildPhases = (
				FF11F33A22C1732D00D79A9C /* Sources */,
				FF11F33B22C1732D00D79A9C /* Frameworks */,
				FF11F33C22C1732D00D79A9C /* Resources */,
			);
			buildRules = (
			);
			dependencies = (
			);
			name = projectTwentyNine;
			productName = projectTwentyNine;
			productReference = FF11F33E22C1732D00D79A9C /* projectTwentyNine.app */;
			productType = "com.apple.product-type.application";
		};
/* End PBXNativeTarget section */

/* Begin PBXProject section */
		FF11F33622C1732D00D79A9C /* Project object */ = {
			isa = PBXProject;
			attributes = {
				LastSwiftUpdateCheck = 1020;
				LastUpgradeCheck = 1020;
				ORGANIZATIONNAME = Atheer;
				TargetAttributes = {
					FF11F33D22C1732D00D79A9C = {
						CreatedOnToolsVersion = 10.2.1;
					};
				};
			};
			buildConfigurationList = FF11F33922C1732D00D79A9C /* Build configuration list for PBXProject "projectTwentyNine" */;
			compatibilityVersion = "Xcode 9.3";
			developmentRegion = en;
			hasScannedForEncodings = 0;
			knownRegions = (
				en,
				Base,
			);
			mainGroup = FF11F33522C1732D00D79A9C;
			productRefGroup = FF11F33F22C1732D00D79A9C /* Products */;
			projectDirPath = "";
			projectRoot = "";
			targets = (
				FF11F33D22C1732D00D79A9C /* projectTwentyNine */,
			);
		};
/* End PBXProject section */

/* Begin PBXResourcesBuildPhase section */
		FF11F33C22C1732D00D79A9C /* Resources */ = {
			isa = PBXResourcesBuildPhase;
			buildActionMask = 2147483647;
			files = (
				FF11F34D22C1732D00D79A9C /* Main.storyboard in Resources */,
				FF11F34422C1732D00D79A9C /* GameScene.sks in Resources */,
				FF141A0322C6A72A00ED0F3A /* hitPlayer.sks in Resources */,
				FF11F34F22C1732E00D79A9C /* Assets.xcassets in Resources */,
				FF11F35222C1732E00D79A9C /* LaunchScreen.storyboard in Resources */,
				FF141A0422C6A72A00ED0F3A /* hitBuilding.sks in Resources */,
			);
			runOnlyForDeploymentPostprocessing = 0;
		};
/* End PBXResourcesBuildPhase section */

/* Begin PBXSourcesBuildPhase section */
		FF11F33A22C1732D00D79A9C /* Sources */ = {
			isa = PBXSourcesBuildPhase;
			buildActionMask = 2147483647;
			files = (
				FF11F34822C1732D00D79A9C /* GameScene.swift in Sources */,
				FF11F35A22C1740D00D79A9C /* BuildingNode.swift in Sources */,
				FF11F34A22C1732D00D79A9C /* GameViewController.swift in Sources */,
				FF11F34222C1732D00D79A9C /* AppDelegate.swift in Sources */,
			);
			runOnlyForDeploymentPostprocessing = 0;
		};
/* End PBXSourcesBuildPhase section */

/* Begin PBXVariantGroup section */
		FF11F34B22C1732D00D79A9C /* Main.storyboard */ = {
			isa = PBXVariantGroup;
			children = (
				FF11F34C22C1732D00D79A9C /* Base */,
			);
			name = Main.storyboard;
			sourceTree = "<group>";
		};
		FF11F35022C1732E00D79A9C /* LaunchScreen.storyboard */ = {
			isa = PBXVariantGroup;
			children = (
				FF11F35122C1732E00D79A9C /* Base */,
			);
			name = LaunchScreen.storyboard;
			sourceTree = "<group>";
		};
/* End PBXVariantGroup section */

/* Begin XCBuildConfiguration section */
		FF11F35422C1732E00D79A9C /* Debug */ = {
			isa = XCBuildConfiguration;
			buildSettings = {
				ALWAYS_SEARCH_USER_PATHS = NO;
				CLANG_ANALYZER_NONNULL = YES;
				CLANG_ANALYZER_NUMBER_OBJECT_CONVERSION = YES_AGGRESSIVE;
				CLANG_CXX_LANGUAGE_STANDARD = "gnu++14";
				CLANG_CXX_LIBRARY = "libc++";
				CLANG_ENABLE_MODULES = YES;
				CLANG_ENABLE_OBJC_ARC = YES;
				CLANG_ENABLE_OBJC_WEAK = YES;
				CLANG_WARN_BLOCK_CAPTURE_AUTORELEASING = YES;
				CLANG_WARN_BOOL_CONVERSION = YES;
				CLANG_WARN_COMMA = YES;
				CLANG_WARN_CONSTANT_CONVERSION = YES;
				CLANG_WARN_DEPRECATED_OBJC_IMPLEMENTATIONS = YES;
				CLANG_WARN_DIRECT_OBJC_ISA_USAGE = YES_ERROR;
				CLANG_WARN_DOCUMENTATION_COMMENTS = YES;
				CLANG_WARN_EMPTY_BODY = YES;
				CLANG_WARN_ENUM_CONVERSION = YES;
				CLANG_WARN_INFINITE_RECURSION = YES;
				CLANG_WARN_INT_CONVERSION = YES;
				CLANG_WARN_NON_LITERAL_NULL_CONVERSION = YES;
				CLANG_WARN_OBJC_IMPLICIT_RETAIN_SELF = YES;
				CLANG_WARN_OBJC_LITERAL_CONVERSION = YES;
				CLANG_WARN_OBJC_ROOT_CLASS = YES_ERROR;
				CLANG_WARN_RANGE_LOOP_ANALYSIS = YES;
				CLANG_WARN_STRICT_PROTOTYPES = YES;
				CLANG_WARN_SUSPICIOUS_MOVE = YES;
				CLANG_WARN_UNGUARDED_AVAILABILITY = YES_AGGRESSIVE;
				CLANG_WARN_UNREACHABLE_CODE = YES;
				CLANG_WARN__DUPLICATE_METHOD_MATCH = YES;
				CODE_SIGN_IDENTITY = "iPhone Developer";
				COPY_PHASE_STRIP = NO;
				DEBUG_INFORMATION_FORMAT = dwarf;
				ENABLE_STRICT_OBJC_MSGSEND = YES;
				ENABLE_TESTABILITY = YES;
				GCC_C_LANGUAGE_STANDARD = gnu11;
				GCC_DYNAMIC_NO_PIC = NO;
				GCC_NO_COMMON_BLOCKS = YES;
				GCC_OPTIMIZATION_LEVEL = 0;
				GCC_PREPROCESSOR_DEFINITIONS = (
					"DEBUG=1",
					"$(inherited)",
				);
				GCC_WARN_64_TO_32_BIT_CONVERSION = YES;
				GCC_WARN_ABOUT_RETURN_TYPE = YES_ERROR;
				GCC_WARN_UNDECLARED_SELECTOR = YES;
				GCC_WARN_UNINITIALIZED_AUTOS = YES_AGGRESSIVE;
				GCC_WARN_UNUSED_FUNCTION = YES;
				GCC_WARN_UNUSED_VARIABLE = YES;
				IPHONEOS_DEPLOYMENT_TARGET = 12.2;
				MTL_ENABLE_DEBUG_INFO = INCLUDE_SOURCE;
				MTL_FAST_MATH = YES;
				ONLY_ACTIVE_ARCH = YES;
				SDKROOT = iphoneos;
				SWIFT_ACTIVE_COMPILATION_CONDITIONS = DEBUG;
				SWIFT_OPTIMIZATION_LEVEL = "-Onone";
			};
			name = Debug;
		};
		FF11F35522C1732E00D79A9C /* Release */ = {
			isa = XCBuildConfiguration;
			buildSettings = {
				ALWAYS_SEARCH_USER_PATHS = NO;
				CLANG_ANALYZER_NONNULL = YES;
				CLANG_ANALYZER_NUMBER_OBJECT_CONVERSION = YES_AGGRESSIVE;
				CLANG_CXX_LANGUAGE_STANDARD = "gnu++14";
				CLANG_CXX_LIBRARY = "libc++";
				CLANG_ENABLE_MODULES = YES;
				CLANG_ENABLE_OBJC_ARC = YES;
				CLANG_ENABLE_OBJC_WEAK = YES;
				CLANG_WARN_BLOCK_CAPTURE_AUTORELEASING = YES;
				CLANG_WARN_BOOL_CONVERSION = YES;
				CLANG_WARN_COMMA = YES;
				CLANG_WARN_CONSTANT_CONVERSION = YES;
				CLANG_WARN_DEPRECATED_OBJC_IMPLEMENTATIONS = YES;
				CLANG_WARN_DIRECT_OBJC_ISA_USAGE = YES_ERROR;
				CLANG_WARN_DOCUMENTATION_COMMENTS = YES;
				CLANG_WARN_EMPTY_BODY = YES;
				CLANG_WARN_ENUM_CONVERSION = YES;
				CLANG_WARN_INFINITE_RECURSION = YES;
				CLANG_WARN_INT_CONVERSION = YES;
				CLANG_WARN_NON_LITERAL_NULL_CONVERSION = YES;
				CLANG_WARN_OBJC_IMPLICIT_RETAIN_SELF = YES;
				CLANG_WARN_OBJC_LITERAL_CONVERSION = YES;
				CLANG_WARN_OBJC_ROOT_CLASS = YES_ERROR;
				CLANG_WARN_RANGE_LOOP_ANALYSIS = YES;
				CLANG_WARN_STRICT_PROTOTYPES = YES;
				CLANG_WARN_SUSPICIOUS_MOVE = YES;
				CLANG_WARN_UNGUARDED_AVAILABILITY = YES_AGGRESSIVE;
				CLANG_WARN_UNREACHABLE_CODE = YES;
				CLANG_WARN__DUPLICATE_METHOD_MATCH = YES;
				CODE_SIGN_IDENTITY = "iPhone Developer";
				COPY_PHASE_STRIP = NO;
				DEBUG_INFORMATION_FORMAT = "dwarf-with-dsym";
				ENABLE_NS_ASSERTIONS = NO;
				ENABLE_STRICT_OBJC_MSGSEND = YES;
				GCC_C_LANGUAGE_STANDARD = gnu11;
				GCC_NO_COMMON_BLOCKS = YES;
				GCC_WARN_64_TO_32_BIT_CONVERSION = YES;
				GCC_WARN_ABOUT_RETURN_TYPE = YES_ERROR;
				GCC_WARN_UNDECLARED_SELECTOR = YES;
				GCC_WARN_UNINITIALIZED_AUTOS = YES_AGGRESSIVE;
				GCC_WARN_UNUSED_FUNCTION = YES;
				GCC_WARN_UNUSED_VARIABLE = YES;
				IPHONEOS_DEPLOYMENT_TARGET = 12.2;
				MTL_ENABLE_DEBUG_INFO = NO;
				MTL_FAST_MATH = YES;
				SDKROOT = iphoneos;
				SWIFT_COMPILATION_MODE = wholemodule;
				SWIFT_OPTIMIZATION_LEVEL = "-O";
				VALIDATE_PRODUCT = YES;
			};
			name = Release;
		};
		FF11F35722C1732E00D79A9C /* Debug */ = {
			isa = XCBuildConfiguration;
			buildSettings = {
				ASSETCATALOG_COMPILER_APPICON_NAME = AppIcon;
				CODE_SIGN_STYLE = Automatic;
				DEVELOPMENT_TEAM = 2R9D8RVTAY;
				INFOPLIST_FILE = projectTwentyNine/Info.plist;
				LD_RUNPATH_SEARCH_PATHS = (
					"$(inherited)",
					"@executable_path/Frameworks",
				);
				PRODUCT_BUNDLE_IDENTIFIER = com.atheer.projectTwentyNine;
				PRODUCT_NAME = "$(TARGET_NAME)";
				SWIFT_VERSION = 5.0;
				TARGETED_DEVICE_FAMILY = 2;
			};
			name = Debug;
		};
		FF11F35822C1732E00D79A9C /* Release */ = {
			isa = XCBuildConfiguration;
			buildSettings = {
				ASSETCATALOG_COMPILER_APPICON_NAME = AppIcon;
				CODE_SIGN_STYLE = Automatic;
				DEVELOPMENT_TEAM = 2R9D8RVTAY;
				INFOPLIST_FILE = projectTwentyNine/Info.plist;
				LD_RUNPATH_SEARCH_PATHS = (
					"$(inherited)",
					"@executable_path/Frameworks",
				);
				PRODUCT_BUNDLE_IDENTIFIER = com.atheer.projectTwentyNine;
				PRODUCT_NAME = "$(TARGET_NAME)";
				SWIFT_VERSION = 5.0;
				TARGETED_DEVICE_FAMILY = 2;
			};
			name = Release;
		};
/* End XCBuildConfiguration section */

/* Begin XCConfigurationList section */
		FF11F33922C1732D00D79A9C /* Build configuration list for PBXProject "projectTwentyNine" */ = {
			isa = XCConfigurationList;
			buildConfigurations = (
				FF11F35422C1732E00D79A9C /* Debug */,
				FF11F35522C1732E00D79A9C /* Release */,
			);
			defaultConfigurationIsVisible = 0;
			defaultConfigurationName = Release;
		};
		FF11F35622C1732E00D79A9C /* Build configuration list for PBXNativeTarget "projectTwentyNine" */ = {
			isa = XCConfigurationList;
			buildConfigurations = (
				FF11F35722C1732E00D79A9C /* Debug */,
				FF11F35822C1732E00D79A9C /* Release */,
			);
			defaultConfigurationIsVisible = 0;
			defaultConfigurationName = Release;
		};
/* End XCConfigurationList section */
	};
	rootObject = FF11F33622C1732D00D79A9C /* Project object */;
}
