// !$*UTF8*$!
{
	archiveVersion = 1;
	classes = {
	};
	objectVersion = 50;
	objects = {

/* Begin PBXBuildFile section */
		FF36266022B02F400006D7B6 /* AppDelegate.swift in Sources */ = {isa = PBXBuildFile; fileRef = FF36265F22B02F400006D7B6 /* AppDelegate.swift */; };
		FF36266222B02F400006D7B6 /* GameScene.sks in Resources */ = {isa = PBXBuildFile; fileRef = FF36266122B02F400006D7B6 /* GameScene.sks */; };
		FF36266622B02F400006D7B6 /* GameScene.swift in Sources */ = {isa = PBXBuildFile; fileRef = FF36266522B02F400006D7B6 /* GameScene.swift */; };
		FF36266822B02F400006D7B6 /* GameViewController.swift in Sources */ = {isa = PBXBuildFile; fileRef = FF36266722B02F400006D7B6 /* GameViewController.swift */; };
		FF36266B22B02F400006D7B6 /* Main.storyboard in Resources */ = {isa = PBXBuildFile; fileRef = FF36266922B02F400006D7B6 /* Main.storyboard */; };
		FF36266D22B02F410006D7B6 /* Assets.xcassets in Resources */ = {isa = PBXBuildFile; fileRef = FF36266C22B02F410006D7B6 /* Assets.xcassets */; };
		FF36267022B02F410006D7B6 /* LaunchScreen.storyboard in Resources */ = {isa = PBXBuildFile; fileRef = FF36266E22B02F410006D7B6 /* LaunchScreen.storyboard */; };
		FF36267922B02F780006D7B6 /* explode.sks in Resources */ = {isa = PBXBuildFile; fileRef = FF36267722B02F780006D7B6 /* explode.sks */; };
		FF36267A22B02F780006D7B6 /* fuse.sks in Resources */ = {isa = PBXBuildFile; fileRef = FF36267822B02F780006D7B6 /* fuse.sks */; };
/* End PBXBuildFile section */

/* Begin PBXFileReference section */
		FF36265C22B02F400006D7B6 /* projectTwenty.app */ = {isa = PBXFileReference; explicitFileType = wrapper.application; includeInIndex = 0; path = projectTwenty.app; sourceTree = BUILT_PRODUCTS_DIR; };
		FF36265F22B02F400006D7B6 /* AppDelegate.swift */ = {isa = PBXFileReference; lastKnownFileType = sourcecode.swift; path = AppDelegate.swift; sourceTree = "<group>"; };
		FF36266122B02F400006D7B6 /* GameScene.sks */ = {isa = PBXFileReference; lastKnownFileType = file.sks; path = GameScene.sks; sourceTree = "<group>"; };
		FF36266522B02F400006D7B6 /* GameScene.swift */ = {isa = PBXFileReference; lastKnownFileType = sourcecode.swift; path = GameScene.swift; sourceTree = "<group>"; };
		FF36266722B02F400006D7B6 /* GameViewController.swift */ = {isa = PBXFileReference; lastKnownFileType = sourcecode.swift; path = GameViewController.swift; sourceTree = "<group>"; };
		FF36266A22B02F400006D7B6 /* Base */ = {isa = PBXFileReference; lastKnownFileType = file.storyboard; name = Base; path = Base.lproj/Main.storyboard; sourceTree = "<group>"; };
		FF36266C22B02F410006D7B6 /* Assets.xcassets */ = {isa = PBXFileReference; lastKnownFileType = folder.assetcatalog; path = Assets.xcassets; sourceTree = "<group>"; };
		FF36266F22B02F410006D7B6 /* Base */ = {isa = PBXFileReference; lastKnownFileType = file.storyboard; name = Base; path = Base.lproj/LaunchScreen.storyboard; sourceTree = "<group>"; };
		FF36267122B02F410006D7B6 /* Info.plist */ = {isa = PBXFileReference; lastKnownFileType = text.plist.xml; path = Info.plist; sourceTree = "<group>"; };
		FF36267722B02F780006D7B6 /* explode.sks */ = {isa = PBXFileReference; lastKnownFileType = file.sks; path = explode.sks; sourceTree = "<group>"; };
		FF36267822B02F780006D7B6 /* fuse.sks */ = {isa = PBXFileReference; lastKnownFileType = file.sks; path = fuse.sks; sourceTree = "<group>"; };
/* End PBXFileReference section */

/* Begin PBXFrameworksBuildPhase section */
		FF36265922B02F400006D7B6 /* Frameworks */ = {
			isa = PBXFrameworksBuildPhase;
			buildActionMask = 2147483647;
			files = (
			);
			runOnlyForDeploymentPostprocessing = 0;
		};
/* End PBXFrameworksBuildPhase section */

/* Begin PBXGroup section */
		FF36265322B02F400006D7B6 = {
			isa = PBXGroup;
			children = (
				FF36265E22B02F400006D7B6 /* projectTwenty */,
				FF36265D22B02F400006D7B6 /* Products */,
			);
			sourceTree = "<group>";
		};
		FF36265D22B02F400006D7B6 /* Products */ = {
			isa = PBXGroup;
			children = (
				FF36265C22B02F400006D7B6 /* projectTwenty.app */,
			);
			name = Products;
			sourceTree = "<group>";
		};
		FF36265E22B02F400006D7B6 /* projectTwenty */ = {
			isa = PBXGroup;
			children = (
				FF36265F22B02F400006D7B6 /* AppDelegate.swift */,
				FF36266122B02F400006D7B6 /* GameScene.sks */,
				FF36266522B02F400006D7B6 /* GameScene.swift */,
				FF36266722B02F400006D7B6 /* GameViewController.swift */,
				FF36266922B02F400006D7B6 /* Main.storyboard */,
				FF36266C22B02F410006D7B6 /* Assets.xcassets */,
				FF36266E22B02F410006D7B6 /* LaunchScreen.storyboard */,
				FF36267122B02F410006D7B6 /* Info.plist */,
				FF36267722B02F780006D7B6 /* explode.sks */,
				FF36267822B02F780006D7B6 /* fuse.sks */,
			);
			path = projectTwenty;
			sourceTree = "<group>";
		};
/* End PBXGroup section */

/* Begin PBXNativeTarget section */
		FF36265B22B02F400006D7B6 /* projectTwenty */ = {
			isa = PBXNativeTarget;
			buildConfigurationList = FF36267422B02F410006D7B6 /* Build configuration list for PBXNativeTarget "projectTwenty" */;
			buildPhases = (
				FF36265822B02F400006D7B6 /* Sources */,
				FF36265922B02F400006D7B6 /* Frameworks */,
				FF36265A22B02F400006D7B6 /* Resources */,
			);
			buildRules = (
			);
			dependencies = (
			);
			name = projectTwenty;
			productName = projectTwenty;
			productReference = FF36265C22B02F400006D7B6 /* projectTwenty.app */;
			productType = "com.apple.product-type.application";
		};
/* End PBXNativeTarget section */

/* Begin PBXProject section */
		FF36265422B02F400006D7B6 /* Project object */ = {
			isa = PBXProject;
			attributes = {
				LastSwiftUpdateCheck = 1020;
				LastUpgradeCheck = 1020;
				ORGANIZATIONNAME = Atheer;
				TargetAttributes = {
					FF36265B22B02F400006D7B6 = {
						CreatedOnToolsVersion = 10.2.1;
					};
				};
			};
			buildConfigurationList = FF36265722B02F400006D7B6 /* Build configuration list for PBXProject "projectTwenty" */;
			compatibilityVersion = "Xcode 9.3";
			developmentRegion = en;
			hasScannedForEncodings = 0;
			knownRegions = (
				en,
				Base,
			);
			mainGroup = FF36265322B02F400006D7B6;
			productRefGroup = FF36265D22B02F400006D7B6 /* Products */;
			projectDirPath = "";
			projectRoot = "";
			targets = (
				FF36265B22B02F400006D7B6 /* projectTwenty */,
			);
		};
/* End PBXProject section */

/* Begin PBXResourcesBuildPhase section */
		FF36265A22B02F400006D7B6 /* Resources */ = {
			isa = PBXResourcesBuildPhase;
			buildActionMask = 2147483647;
			files = (
				FF36266B22B02F400006D7B6 /* Main.storyboard in Resources */,
				FF36266222B02F400006D7B6 /* GameScene.sks in Resources */,
				FF36266D22B02F410006D7B6 /* Assets.xcassets in Resources */,
				FF36267022B02F410006D7B6 /* LaunchScreen.storyboard in Resources */,
				FF36267A22B02F780006D7B6 /* fuse.sks in Resources */,
				FF36267922B02F780006D7B6 /* explode.sks in Resources */,
			);
			runOnlyForDeploymentPostprocessing = 0;
		};
/* End PBXResourcesBuildPhase section */

/* Begin PBXSourcesBuildPhase section */
		FF36265822B02F400006D7B6 /* Sources */ = {
			isa = PBXSourcesBuildPhase;
			buildActionMask = 2147483647;
			files = (
				FF36266622B02F400006D7B6 /* GameScene.swift in Sources */,
				FF36266822B02F400006D7B6 /* GameViewController.swift in Sources */,
				FF36266022B02F400006D7B6 /* AppDelegate.swift in Sources */,
			);
			runOnlyForDeploymentPostprocessing = 0;
		};
/* End PBXSourcesBuildPhase section */

/* Begin PBXVariantGroup section */
		FF36266922B02F400006D7B6 /* Main.storyboard */ = {
			isa = PBXVariantGroup;
			children = (
				FF36266A22B02F400006D7B6 /* Base */,
			);
			name = Main.storyboard;
			sourceTree = "<group>";
		};
		FF36266E22B02F410006D7B6 /* LaunchScreen.storyboard */ = {
			isa = PBXVariantGroup;
			children = (
				FF36266F22B02F410006D7B6 /* Base */,
			);
			name = LaunchScreen.storyboard;
			sourceTree = "<group>";
		};
/* End PBXVariantGroup section */

/* Begin XCBuildConfiguration section */
		FF36267222B02F410006D7B6 /* Debug */ = {
			isa = XCBuildConfiguration;
			buildSettings = {
				ALWAYS_SEARCH_USER_PATHS = NO;
				CLANG_ANALYZER_NONNULL = YES;
				CLANG_ANALYZER_NUMBER_OBJECT_CONVERSION = YES_AGGRESSIVE;
				CLANG_CXX_LANGUAGE_STANDARD = "gnu++14";
				CLANG_CXX_LIBRARY = "libc++";
				CLANG_ENABLE_MODULES = YES;
				CLANG_ENABLE_OBJC_ARC = YES;
				CLANG_ENABLE_OBJC_WEAK = YES;
				CLANG_WARN_BLOCK_CAPTURE_AUTORELEASING = YES;
				CLANG_WARN_BOOL_CONVERSION = YES;
				CLANG_WARN_COMMA = YES;
				CLANG_WARN_CONSTANT_CONVERSION = YES;
				CLANG_WARN_DEPRECATED_OBJC_IMPLEMENTATIONS = YES;
				CLANG_WARN_DIRECT_OBJC_ISA_USAGE = YES_ERROR;
				CLANG_WARN_DOCUMENTATION_COMMENTS = YES;
				CLANG_WARN_EMPTY_BODY = YES;
				CLANG_WARN_ENUM_CONVERSION = YES;
				CLANG_WARN_INFINITE_RECURSION = YES;
				CLANG_WARN_INT_CONVERSION = YES;
				CLANG_WARN_NON_LITERAL_NULL_CONVERSION = YES;
				CLANG_WARN_OBJC_IMPLICIT_RETAIN_SELF = YES;
				CLANG_WARN_OBJC_LITERAL_CONVERSION = YES;
				CLANG_WARN_OBJC_ROOT_CLASS = YES_ERROR;
				CLANG_WARN_RANGE_LOOP_ANALYSIS = YES;
				CLANG_WARN_STRICT_PROTOTYPES = YES;
				CLANG_WARN_SUSPICIOUS_MOVE = YES;
				CLANG_WARN_UNGUARDED_AVAILABILITY = YES_AGGRESSIVE;
				CLANG_WARN_UNREACHABLE_CODE = YES;
				CLANG_WARN__DUPLICATE_METHOD_MATCH = YES;
				CODE_SIGN_IDENTITY = "iPhone Developer";
				COPY_PHASE_STRIP = NO;
				DEBUG_INFORMATION_FORMAT = dwarf;
				ENABLE_STRICT_OBJC_MSGSEND = YES;
				ENABLE_TESTABILITY = YES;
				GCC_C_LANGUAGE_STANDARD = gnu11;
				GCC_DYNAMIC_NO_PIC = NO;
				GCC_NO_COMMON_BLOCKS = YES;
				GCC_OPTIMIZATION_LEVEL = 0;
				GCC_PREPROCESSOR_DEFINITIONS = (
					"DEBUG=1",
					"$(inherited)",
				);
				GCC_WARN_64_TO_32_BIT_CONVERSION = YES;
				GCC_WARN_ABOUT_RETURN_TYPE = YES_ERROR;
				GCC_WARN_UNDECLARED_SELECTOR = YES;
				GCC_WARN_UNINITIALIZED_AUTOS = YES_AGGRESSIVE;
				GCC_WARN_UNUSED_FUNCTION = YES;
				GCC_WARN_UNUSED_VARIABLE = YES;
				IPHONEOS_DEPLOYMENT_TARGET = 12.2;
				MTL_ENABLE_DEBUG_INFO = INCLUDE_SOURCE;
				MTL_FAST_MATH = YES;
				ONLY_ACTIVE_ARCH = YES;
				SDKROOT = iphoneos;
				SWIFT_ACTIVE_COMPILATION_CONDITIONS = DEBUG;
				SWIFT_OPTIMIZATION_LEVEL = "-Onone";
			};
			name = Debug;
		};
		FF36267322B02F410006D7B6 /* Release */ = {
			isa = XCBuildConfiguration;
			buildSettings = {
				ALWAYS_SEARCH_USER_PATHS = NO;
				CLANG_ANALYZER_NONNULL = YES;
				CLANG_ANALYZER_NUMBER_OBJECT_CONVERSION = YES_AGGRESSIVE;
				CLANG_CXX_LANGUAGE_STANDARD = "gnu++14";
				CLANG_CXX_LIBRARY = "libc++";
				CLANG_ENABLE_MODULES = YES;
				CLANG_ENABLE_OBJC_ARC = YES;
				CLANG_ENABLE_OBJC_WEAK = YES;
				CLANG_WARN_BLOCK_CAPTURE_AUTORELEASING = YES;
				CLANG_WARN_BOOL_CONVERSION = YES;
				CLANG_WARN_COMMA = YES;
				CLANG_WARN_CONSTANT_CONVERSION = YES;
				CLANG_WARN_DEPRECATED_OBJC_IMPLEMENTATIONS = YES;
				CLANG_WARN_DIRECT_OBJC_ISA_USAGE = YES_ERROR;
				CLANG_WARN_DOCUMENTATION_COMMENTS = YES;
				CLANG_WARN_EMPTY_BODY = YES;
				CLANG_WARN_ENUM_CONVERSION = YES;
				CLANG_WARN_INFINITE_RECURSION = YES;
				CLANG_WARN_INT_CONVERSION = YES;
				CLANG_WARN_NON_LITERAL_NULL_CONVERSION = YES;
				CLANG_WARN_OBJC_IMPLICIT_RETAIN_SELF = YES;
				CLANG_WARN_OBJC_LITERAL_CONVERSION = YES;
				CLANG_WARN_OBJC_ROOT_CLASS = YES_ERROR;
				CLANG_WARN_RANGE_LOOP_ANALYSIS = YES;
				CLANG_WARN_STRICT_PROTOTYPES = YES;
				CLANG_WARN_SUSPICIOUS_MOVE = YES;
				CLANG_WARN_UNGUARDED_AVAILABILITY = YES_AGGRESSIVE;
				CLANG_WARN_UNREACHABLE_CODE = YES;
				CLANG_WARN__DUPLICATE_METHOD_MATCH = YES;
				CODE_SIGN_IDENTITY = "iPhone Developer";
				COPY_PHASE_STRIP = NO;
				DEBUG_INFORMATION_FORMAT = "dwarf-with-dsym";
				ENABLE_NS_ASSERTIONS = NO;
				ENABLE_STRICT_OBJC_MSGSEND = YES;
				GCC_C_LANGUAGE_STANDARD = gnu11;
				GCC_NO_COMMON_BLOCKS = YES;
				GCC_WARN_64_TO_32_BIT_CONVERSION = YES;
				GCC_WARN_ABOUT_RETURN_TYPE = YES_ERROR;
				GCC_WARN_UNDECLARED_SELECTOR = YES;
				GCC_WARN_UNINITIALIZED_AUTOS = YES_AGGRESSIVE;
				GCC_WARN_UNUSED_FUNCTION = YES;
				GCC_WARN_UNUSED_VARIABLE = YES;
				IPHONEOS_DEPLOYMENT_TARGET = 12.2;
				MTL_ENABLE_DEBUG_INFO = NO;
				MTL_FAST_MATH = YES;
				SDKROOT = iphoneos;
				SWIFT_COMPILATION_MODE = wholemodule;
				SWIFT_OPTIMIZATION_LEVEL = "-O";
				VALIDATE_PRODUCT = YES;
			};
			name = Release;
		};
		FF36267522B02F410006D7B6 /* Debug */ = {
			isa = XCBuildConfiguration;
			buildSettings = {
				ASSETCATALOG_COMPILER_APPICON_NAME = AppIcon;
				CODE_SIGN_STYLE = Automatic;
				DEVELOPMENT_TEAM = 2R9D8RVTAY;
				INFOPLIST_FILE = projectTwenty/Info.plist;
				IPHONEOS_DEPLOYMENT_TARGET = 10.3;
				LD_RUNPATH_SEARCH_PATHS = (
					"$(inherited)",
					"@executable_path/Frameworks",
				);
				PRODUCT_BUNDLE_IDENTIFIER = com.atheer.projectTwenty;
				PRODUCT_NAME = "$(TARGET_NAME)";
				SWIFT_VERSION = 5.0;
				TARGETED_DEVICE_FAMILY = 2;
			};
			name = Debug;
		};
		FF36267622B02F410006D7B6 /* Release */ = {
			isa = XCBuildConfiguration;
			buildSettings = {
				ASSETCATALOG_COMPILER_APPICON_NAME = AppIcon;
				CODE_SIGN_STYLE = Automatic;
				DEVELOPMENT_TEAM = 2R9D8RVTAY;
				INFOPLIST_FILE = projectTwenty/Info.plist;
				IPHONEOS_DEPLOYMENT_TARGET = 10.3;
				LD_RUNPATH_SEARCH_PATHS = (
					"$(inherited)",
					"@executable_path/Frameworks",
				);
				PRODUCT_BUNDLE_IDENTIFIER = com.atheer.projectTwenty;
				PRODUCT_NAME = "$(TARGET_NAME)";
				SWIFT_VERSION = 5.0;
				TARGETED_DEVICE_FAMILY = 2;
			};
			name = Release;
		};
/* End XCBuildConfiguration section */

/* Begin XCConfigurationList section */
		FF36265722B02F400006D7B6 /* Build configuration list for PBXProject "projectTwenty" */ = {
			isa = XCConfigurationList;
			buildConfigurations = (
				FF36267222B02F410006D7B6 /* Debug */,
				FF36267322B02F410006D7B6 /* Release */,
			);
			defaultConfigurationIsVisible = 0;
			defaultConfigurationName = Release;
		};
		FF36267422B02F410006D7B6 /* Build configuration list for PBXNativeTarget "projectTwenty" */ = {
			isa = XCConfigurationList;
			buildConfigurations = (
				FF36267522B02F410006D7B6 /* Debug */,
				FF36267622B02F410006D7B6 /* Release */,
			);
			defaultConfigurationIsVisible = 0;
			defaultConfigurationName = Release;
		};
/* End XCConfigurationList section */
	};
	rootObject = FF36265422B02F400006D7B6 /* Project object */;
}
